
Microsoft Visual Studio Solution File, Format Version 12.00
# Visual Studio Version 17
VisualStudioVersion = 17.14.36705.20 d17.14
MinimumVisualStudioVersion = 10.0.40219.1
Project("{FAE04EC0-301F-11D3-BF4B-00C04F79EFBC}") = "QuanLyCuaHang", "QuanLyCuaHang.csproj", "{823648E6-ADCF-4AD5-8B12-9C129F132EA8}"
EndProject
Global
	GlobalSection(SolutionConfigurationPlatforms) = preSolution
		Debug|Any CPU = Debug|Any CPU
		Release|Any CPU = Release|Any CPU
	EndGlobalSection
	GlobalSection(ProjectConfigurationPlatforms) = postSolution
		{823648E6-ADCF-4AD5-8B12-9C129F132EA8}.Debug|Any CPU.ActiveCfg = Debug|Any CPU
		{823648E6-ADCF-4AD5-8B12-9C129F132EA8}.Debug|Any CPU.Build.0 = Debug|Any CPU
		{823648E6-ADCF-4AD5-8B12-9C129F132EA8}.Release|Any CPU.ActiveCfg = Release|Any CPU
		{823648E6-ADCF-4AD5-8B12-9C129F132EA8}.Release|Any CPU.Build.0 = Release|Any CPU
	EndGlobalSection
	GlobalSection(SolutionProperties) = preSolution
		HideSolutionNode = FALSE
	EndGlobalSection
	GlobalSection(ExtensibilityGlobals) = postSolution
		SolutionGuid = {7D1E4DDB-0FB1-43C1-A81C-DA2A22812EDC}
	EndGlobalSection
EndGlobal
